{
  "name": "miniprogram",
  "version": "1.0.0",
  "lockfileVersion": 1,
  "requires": true,
  "dependencies": {
    "@babel/code-frame": {
      "version": "7.5.5",
      "resolved": "https://registry.npm.taobao.org/@babel/code-frame/download/@babel/code-frame-7.5.5.tgz",
      "dev": true,
      "requires": {
        "@babel/highlight": "^7.0.0"
      }
    },
    "@babel/highlight": {
      "version": "7.5.0",
      "resolved": "https://registry.npm.taobao.org/@babel/highlight/download/@babel/highlight-7.5.0.tgz",
      "dev": true,
      "requires": {
        "chalk": "^2.0.0",
        "esutils": "^2.0.2",
        "js-tokens": "^4.0.0"
      },
      "dependencies": {
        "chalk": {
          "version": "https://registry.npm.taobao.org/chalk/download/chalk-2.4.2.tgz",
          "bundled": true
        },
        "esutils": {
          "version": "https://registry.npm.taobao.org/esutils/download/esutils-2.0.2.tgz",
          "bundled": true
        },
        "js-tokens": {
          "version": "https://registry.npm.taobao.org/js-tokens/download/js-tokens-4.0.0.tgz",
          "bundled": true
        }
      }
    },
    "acorn": {
      "version": "6.2.1",
      "resolved": "https://registry.npm.taobao.org/acorn/download/acorn-6.2.1.tgz",
      "dev": true
    },
    "acorn-jsx": {
      "version": "5.0.1",
      "resolved": "https://registry.npm.taobao.org/acorn-jsx/download/acorn-jsx-5.0.1.tgz",
      "dev": true
    },
    "ajv": {
      "version": "6.10.2",
      "resolved": "https://registry.npm.taobao.org/ajv/download/ajv-6.10.2.tgz",
      "dev": true,
      "dependencies": {
        "fast-deep-equal": {
          "version": "https://registry.npm.taobao.org/fast-deep-equal/download/fast-deep-equal-2.0.1.tgz",
          "bundled": true
        },
        "fast-json-stable-stringify": {
          "version": "https://registry.npm.taobao.org/fast-json-stable-stringify/download/fast-json-stable-stringify-2.0.0.tgz",
          "bundled": true
        },
        "json-schema-traverse": {
          "version": "https://registry.npm.taobao.org/json-schema-traverse/download/json-schema-traverse-0.4.1.tgz",
          "bundled": true
        },
        "uri-js": {
          "version": "https://registry.npm.taobao.org/uri-js/download/uri-js-4.2.2.tgz",
          "bundled": true
        }
      }
    },
    "ansi-escapes": {
      "version": "3.2.0",
      "resolved": "https://registry.npm.taobao.org/ansi-escapes/download/ansi-escapes-3.2.0.tgz",
      "dev": true
    },
    "ansi-regex": {
      "version": "4.1.0",
      "resolved": "https://registry.npm.taobao.org/ansi-regex/download/ansi-regex-4.1.0.tgz",
      "dev": true
    },
    "ansi-styles": {
      "version": "3.2.1",
      "resolved": "https://registry.npm.taobao.org/ansi-styles/download/ansi-styles-3.2.1.tgz?cache=0&other_urls=https%3A%2F%2Fregistry.npm.taobao.org%2Fansi-styles%2Fdownload%2Fansi-styles-3.2.1.tgz",
      "dev": true,
      "dependencies": {
        "color-convert": {
          "version": "https://registry.npm.taobao.org/color-convert/download/color-convert-1.9.3.tgz",
          "bundled": true
        }
      }
    },
    "argparse": {
      "version": "1.0.10",
      "resolved": "https://registry.npm.taobao.org/argparse/download/argparse-1.0.10.tgz",
      "dev": true,
      "dependencies": {
        "sprintf-js": {
          "version": "https://registry.npm.taobao.org/sprintf-js/download/sprintf-js-1.0.3.tgz",
          "bundled": true
        }
      }
    },
    "array-includes": {
      "version": "3.0.3",
      "resolved": "https://registry.npm.taobao.org/array-includes/download/array-includes-3.0.3.tgz",
      "dev": true,
      "requires": {
        "define-properties": "^1.1.2",
        "es-abstract": "^1.7.0"
      },
      "dependencies": {
        "define-properties": {
          "version": "https://registry.npm.taobao.org/define-properties/download/define-properties-1.1.3.tgz",
          "bundled": true
        },
        "es-abstract": {
          "version": "https://registry.npm.taobao.org/es-abstract/download/es-abstract-1.13.0.tgz",
          "bundled": true,
          "dependencies": {
            "es-to-primitive": {
              "version": "https://registry.npm.taobao.org/es-to-primitive/download/es-to-primitive-1.2.0.tgz",
              "bundled": true
            },
            "function-bind": {
              "version": "https://registry.npm.taobao.org/function-bind/download/function-bind-1.1.1.tgz",
              "bundled": true
            },
            "has": {
              "version": "https://registry.npm.taobao.org/has/download/has-1.0.3.tgz",
              "bundled": true
            },
            "is-callable": {
              "version": "https://registry.npm.taobao.org/is-callable/download/is-callable-1.1.4.tgz",
              "bundled": true
            },
            "is-regex": {
              "version": "https://registry.npm.taobao.org/is-regex/download/is-regex-1.0.4.tgz",
              "bundled": true,
              "dependencies": {
                "has": {
                  "version": "https://registry.npm.taobao.org/has/download/has-1.0.3.tgz",
                  "bundled": true,
                  "dependencies": {
                    "function-bind": {
                      "version": "https://registry.npm.taobao.org/function-bind/download/function-bind-1.1.1.tgz",
                      "bundled": true
                    }
                  }
                }
              }
            },
            "object-keys": {
              "version": "https://registry.npm.taobao.org/object-keys/download/object-keys-1.1.1.tgz",
              "bundled": true
            }
          }
        }
      }
    },
    "astral-regex": {
      "version": "1.0.0",
      "resolved": "https://registry.npm.taobao.org/astral-regex/download/astral-regex-1.0.0.tgz",
      "dev": true
    },
    "balanced-match": {
      "version": "1.0.0",
      "resolved": "https://registry.npm.taobao.org/balanced-match/download/balanced-match-1.0.0.tgz",
      "dev": true
    },
    "brace-expansion": {
      "version": "1.1.11",
      "resolved": "https://registry.npm.taobao.org/brace-expansion/download/brace-expansion-1.1.11.tgz",
      "dev": true,
      "requires": {
        "balanced-match": "^1.0.0"
      },
      "dependencies": {
        "balanced-match": {
          "version": "https://registry.npm.taobao.org/balanced-match/download/balanced-match-1.0.0.tgz",
          "bundled": true
        },
        "concat-map": {
          "version": "https://registry.npm.taobao.org/concat-map/download/concat-map-0.0.1.tgz",
          "bundled": true
        }
      }
    },
    "chalk": {
      "version": "2.4.2",
      "resolved": "https://registry.npm.taobao.org/chalk/download/chalk-2.4.2.tgz",
      "dev": true,
      "requires": {
        "ansi-styles": "^3.2.1",
        "escape-string-regexp": "^1.0.5"
      },
      "dependencies": {
        "ansi-styles": {
          "version": "https://registry.npm.taobao.org/ansi-styles/download/ansi-styles-3.2.1.tgz?cache=0&other_urls=https%3A%2F%2Fregistry.npm.taobao.org%2Fansi-styles%2Fdownload%2Fansi-styles-3.2.1.tgz",
          "bundled": true
        },
        "escape-string-regexp": {
          "version": "https://registry.npm.taobao.org/escape-string-regexp/download/escape-string-regexp-1.0.5.tgz",
          "bundled": true
        },
        "supports-color": {
          "version": "https://registry.npm.taobao.org/supports-color/download/supports-color-5.5.0.tgz",
          "bundled": true
        }
      }
    },
    "chardet": {
      "version": "0.7.0",
      "resolved": "https://registry.npm.taobao.org/chardet/download/chardet-0.7.0.tgz",
      "dev": true
    },
    "cli-cursor": {
      "version": "2.1.0",
      "resolved": "https://registry.npm.taobao.org/cli-cursor/download/cli-cursor-2.1.0.tgz",
      "dev": true,
      "dependencies": {
        "restore-cursor": {
          "version": "https://registry.npm.taobao.org/restore-cursor/download/restore-cursor-2.0.0.tgz",
          "bundled": true
        }
      }
    },
    "cli-width": {
      "version": "2.2.0",
      "resolved": "https://registry.npm.taobao.org/cli-width/download/cli-width-2.2.0.tgz",
      "dev": true
    },
    "contains-path": {
      "version": "0.1.0",
      "resolved": "https://registry.npm.taobao.org/contains-path/download/contains-path-0.1.0.tgz",
      "dev": true
    },
    "cross-spawn": {
      "version": "6.0.5",
      "resolved": "https://registry.npm.taobao.org/cross-spawn/download/cross-spawn-6.0.5.tgz",
      "dev": true,
      "requires": {
        "semver": "^5.5.0"
      },
      "dependencies": {
        "nice-try": {
          "version": "https://registry.npm.taobao.org/nice-try/download/nice-try-1.0.5.tgz",
          "bundled": true
        },
        "path-key": {
          "version": "https://registry.npm.taobao.org/path-key/download/path-key-2.0.1.tgz",
          "bundled": true
        },
        "semver": {
          "version": "5.7.0",
          "resolved": "https://registry.npmjs.org/semver/-/semver-5.7.0.tgz",
          "integrity": "sha512-Ya52jSX2u7QKghxeoFGpLwCtGlt7j0oY9DYb5apt9nPlJ42ID+ulTXESnt/qAQcoSERyZ5sl3LDIOw0nAn/5DA==",
          "dev": true
        },
        "shebang-command": {
          "version": "https://registry.npm.taobao.org/shebang-command/download/shebang-command-1.2.0.tgz",
          "bundled": true
        },
        "which": {
          "version": "https://registry.npm.taobao.org/which/download/which-1.3.1.tgz",
          "bundled": true
        }
      }
    },
    "debug": {
      "version": "4.1.1",
      "resolved": "https://registry.npm.taobao.org/debug/download/debug-4.1.1.tgz",
      "dev": true,
      "dependencies": {
        "ms": {
          "version": "https://registry.npm.taobao.org/ms/download/ms-2.1.2.tgz",
          "bundled": true
        }
      }
    },
    "deep-is": {
      "version": "0.1.3",
      "resolved": "https://registry.npm.taobao.org/deep-is/download/deep-is-0.1.3.tgz",
      "dev": true
    },
    "define-properties": {
      "version": "1.1.3",
      "resolved": "https://registry.npm.taobao.org/define-properties/download/define-properties-1.1.3.tgz",
      "dev": true,
      "dependencies": {
        "object-keys": {
          "version": "https://registry.npm.taobao.org/object-keys/download/object-keys-1.1.1.tgz",
          "bundled": true
        }
      }
    },
    "doctrine": {
      "version": "3.0.0",
      "resolved": "https://registry.npm.taobao.org/doctrine/download/doctrine-3.0.0.tgz",
      "dev": true,
      "requires": {
        "esutils": "^2.0.2"
      },
      "dependencies": {
        "esutils": {
          "version": "https://registry.npm.taobao.org/esutils/download/esutils-2.0.2.tgz",
          "bundled": true
        }
      }
    },
    "emoji-regex": {
      "version": "7.0.3",
      "resolved": "https://registry.npm.taobao.org/emoji-regex/download/emoji-regex-7.0.3.tgz",
      "dev": true
    },
    "es-abstract": {
      "version": "1.13.0",
      "resolved": "https://registry.npm.taobao.org/es-abstract/download/es-abstract-1.13.0.tgz",
      "dev": true,
      "requires": {
        "function-bind": "^1.1.1",
        "has": "^1.0.3"
      },
      "dependencies": {
        "es-to-primitive": {
          "version": "https://registry.npm.taobao.org/es-to-primitive/download/es-to-primitive-1.2.0.tgz",
          "bundled": true
        },
        "function-bind": {
          "version": "https://registry.npm.taobao.org/function-bind/download/function-bind-1.1.1.tgz",
          "bundled": true
        },
        "has": {
          "version": "https://registry.npm.taobao.org/has/download/has-1.0.3.tgz",
          "bundled": true
        },
        "is-callable": {
          "version": "https://registry.npm.taobao.org/is-callable/download/is-callable-1.1.4.tgz",
          "bundled": true
        },
        "is-regex": {
          "version": "https://registry.npm.taobao.org/is-regex/download/is-regex-1.0.4.tgz",
          "bundled": true,
          "dependencies": {}
        },
        "object-keys": {
          "version": "https://registry.npm.taobao.org/object-keys/download/object-keys-1.1.1.tgz",
          "bundled": true
        }
      }
    },
    "escape-string-regexp": {
      "version": "1.0.5",
      "resolved": "https://registry.npm.taobao.org/escape-string-regexp/download/escape-string-regexp-1.0.5.tgz",
      "dev": true
    },
    "eslint": {
      "version": "6.1.0",
      "resolved": "https://registry.npmjs.org/eslint/-/eslint-6.1.0.tgz",
      "integrity": "sha512-QhrbdRD7ofuV09IuE2ySWBz0FyXCq0rriLTZXZqaWSI79CVtHVRdkFuFTViiqzZhkCgfOh9USpriuGN2gIpZDQ==",
      "dev": true,
      "requires": {
        "@babel/code-frame": "^7.0.0",
        "ajv": "^6.10.0",
        "chalk": "^2.1.0",
        "cross-spawn": "^6.0.5",
        "debug": "^4.0.1",
        "doctrine": "^3.0.0",
        "eslint-scope": "^5.0.0",
        "eslint-utils": "^1.3.1",
        "eslint-visitor-keys": "^1.0.0",
        "espree": "^6.0.0",
        "esquery": "^1.0.1",
        "esutils": "^2.0.2",
        "file-entry-cache": "^5.0.1",
        "functional-red-black-tree": "^1.0.1",
        "glob-parent": "^5.0.0",
        "globals": "^11.7.0",
        "ignore": "^4.0.6",
        "import-fresh": "^3.0.0",
        "imurmurhash": "^0.1.4",
        "inquirer": "^6.4.1",
        "is-glob": "^4.0.0",
        "js-yaml": "^3.13.1",
        "json-stable-stringify-without-jsonify": "^1.0.1",
        "levn": "^0.3.0",
        "lodash": "^4.17.14",
        "minimatch": "^3.0.4",
        "mkdirp": "^0.5.1",
        "natural-compare": "^1.4.0",
        "optionator": "^0.8.2",
        "progress": "^2.0.0",
        "regexpp": "^2.0.1",
        "semver": "^6.1.2",
        "strip-ansi": "^5.2.0",
        "strip-json-comments": "^3.0.1",
        "table": "^5.2.3",
        "text-table": "^0.2.0",
        "v8-compile-cache": "^2.0.3"
      },
      "dependencies": {
        "ignore": {
          "version": "4.0.6",
          "resolved": "https://registry.npmjs.org/ignore/-/ignore-4.0.6.tgz",
          "integrity": "sha512-cyFDKrqc/YdcWFniJhzI42+AzS+gNwmUzOSFcRCQYwySuBBBy/KjuxWLZ/FHEH6Moq1NizMOBWyTcv8O4OZIMg==",
          "dev": true
        }
      }
    },
    "eslint-config-standard": {
      "version": "13.0.1",
      "resolved": "https://registry.npmjs.org/eslint-config-standard/-/eslint-config-standard-13.0.1.tgz",
      "integrity": "sha512-zLKp4QOgq6JFgRm1dDCVv1Iu0P5uZ4v5Wa4DTOkg2RFMxdCX/9Qf7lz9ezRj2dBRa955cWQF/O/LWEiYWAHbTw==",
      "dev": true
    },
    "eslint-import-resolver-node": {
      "version": "0.3.2",
      "resolved": "https://registry.npm.taobao.org/eslint-import-resolver-node/download/eslint-import-resolver-node-0.3.2.tgz",
      "dev": true,
      "requires": {
        "debug": "^2.6.9",
        "resolve": "^1.5.0"
      },
      "dependencies": {
        "debug": {
          "version": "2.6.9",
          "resolved": "https://registry.npmjs.org/debug/-/debug-2.6.9.tgz",
          "integrity": "sha512-bC7ElrdJaJnPbAP+1EotYvqZsb3ecl5wi6Bfi6BJTUcNowp6cvspg0jXznRTKDjm/E7AdgFBVeAPVMNcKGsHMA==",
          "dev": true,
          "requires": {
            "ms": "2.0.0"
          }
        },
        "ms": {
          "version": "2.0.0",
          "resolved": "https://registry.npmjs.org/ms/-/ms-2.0.0.tgz",
          "integrity": "sha1-VgiurfwAvmwpAd9fmGF4jeDVl8g=",
          "dev": true
        },
        "resolve": {
          "version": "https://registry.npm.taobao.org/resolve/download/resolve-1.11.1.tgz",
          "bundled": true,
          "dependencies": {
            "path-parse": {
              "version": "https://registry.npm.taobao.org/path-parse/download/path-parse-1.0.6.tgz",
              "bundled": true
            }
          }
        }
      }
    },
    "eslint-module-utils": {
      "version": "2.4.1",
      "resolved": "https://registry.npm.taobao.org/eslint-module-utils/download/eslint-module-utils-2.4.1.tgz",
      "dev": true,
      "requires": {
        "debug": "^2.6.8"
      },
      "dependencies": {
        "debug": {
          "version": "2.6.9",
          "resolved": "https://registry.npmjs.org/debug/-/debug-2.6.9.tgz",
          "integrity": "sha512-bC7ElrdJaJnPbAP+1EotYvqZsb3ecl5wi6Bfi6BJTUcNowp6cvspg0jXznRTKDjm/E7AdgFBVeAPVMNcKGsHMA==",
          "dev": true,
          "requires": {
            "ms": "2.0.0"
          }
        },
        "ms": {
          "version": "2.0.0",
          "resolved": "https://registry.npmjs.org/ms/-/ms-2.0.0.tgz",
          "integrity": "sha1-VgiurfwAvmwpAd9fmGF4jeDVl8g=",
          "dev": true
        },
        "pkg-dir": {
          "version": "https://registry.npm.taobao.org/pkg-dir/download/pkg-dir-2.0.0.tgz",
          "bundled": true
        }
      }
    },
    "eslint-plugin-es": {
      "version": "1.4.0",
      "resolved": "https://registry.npm.taobao.org/eslint-plugin-es/download/eslint-plugin-es-1.4.0.tgz",
      "dev": true,
      "requires": {
        "eslint-utils": "^1.3.0",
        "regexpp": "^2.0.1"
      },
      "dependencies": {
        "eslint-utils": {
          "version": "https://registry.npm.taobao.org/eslint-utils/download/eslint-utils-1.4.0.tgz?cache=0&other_urls=https%3A%2F%2Fregistry.npm.taobao.org%2Feslint-utils%2Fdownload%2Feslint-utils-1.4.0.tgz",
          "bundled": true,
          "dependencies": {
            "eslint-visitor-keys": {
              "version": "https://registry.npm.taobao.org/eslint-visitor-keys/download/eslint-visitor-keys-1.0.0.tgz",
              "bundled": true
            }
          }
        },
        "regexpp": {
          "version": "https://registry.npm.taobao.org/regexpp/download/regexpp-2.0.1.tgz",
          "bundled": true
        }
      }
    },
    "eslint-plugin-import": {
      "version": "2.18.2",
      "resolved": "https://registry.npmjs.org/eslint-plugin-import/-/eslint-plugin-import-2.18.2.tgz",
      "integrity": "sha512-5ohpsHAiUBRNaBWAF08izwUGlbrJoJJ+W9/TBwsGoR1MnlgfwMIKrFeSjWbt6moabiXW9xNvtFz+97KHRfI4HQ==",
      "dev": true,
      "requires": {
        "array-includes": "^3.0.3",
        "contains-path": "^0.1.0",
        "debug": "^2.6.9",
        "doctrine": "1.5.0",
        "eslint-import-resolver-node": "^0.3.2",
        "eslint-module-utils": "^2.4.0",
        "has": "^1.0.3",
        "minimatch": "^3.0.4",
        "object.values": "^1.1.0",
        "read-pkg-up": "^2.0.0",
        "resolve": "^1.11.0"
      },
      "dependencies": {
        "debug": {
          "version": "2.6.9",
          "resolved": "https://registry.npmjs.org/debug/-/debug-2.6.9.tgz",
          "integrity": "sha512-bC7ElrdJaJnPbAP+1EotYvqZsb3ecl5wi6Bfi6BJTUcNowp6cvspg0jXznRTKDjm/E7AdgFBVeAPVMNcKGsHMA==",
          "dev": true,
          "requires": {
            "ms": "2.0.0"
          }
        },
        "doctrine": {
          "version": "1.5.0",
          "resolved": "https://registry.npmjs.org/doctrine/-/doctrine-1.5.0.tgz",
          "integrity": "sha1-N53Ocw9hZvds76TmcHoVmwLFpvo=",
          "dev": true,
          "requires": {
            "esutils": "^2.0.2",
            "isarray": "^1.0.0"
          }
        },
        "ms": {
          "version": "2.0.0",
          "resolved": "https://registry.npmjs.org/ms/-/ms-2.0.0.tgz",
          "integrity": "sha1-VgiurfwAvmwpAd9fmGF4jeDVl8g=",
          "dev": true
        }
      }
    },
    "eslint-plugin-node": {
      "version": "9.1.0",
      "resolved": "https://registry.npmjs.org/eslint-plugin-node/-/eslint-plugin-node-9.1.0.tgz",
      "integrity": "sha512-ZwQYGm6EoV2cfLpE1wxJWsfnKUIXfM/KM09/TlorkukgCAwmkgajEJnPCmyzoFPQQkmvo5DrW/nyKutNIw36Mw==",
      "dev": true,
      "requires": {
        "eslint-plugin-es": "^1.4.0",
        "eslint-utils": "^1.3.1",
        "ignore": "^5.1.1",
        "minimatch": "^3.0.4",
        "resolve": "^1.10.1",
        "semver": "^6.1.0"
      }
    },
    "eslint-plugin-promise": {
      "version": "4.2.1",
      "resolved": "https://registry.npmjs.org/eslint-plugin-promise/-/eslint-plugin-promise-4.2.1.tgz",
      "integrity": "sha512-VoM09vT7bfA7D+upt+FjeBO5eHIJQBUWki1aPvB+vbNiHS3+oGIJGIeyBtKQTME6UPXXy3vV07OL1tHd3ANuDw==",
      "dev": true
    },
    "eslint-plugin-standard": {
      "version": "4.0.0",
      "resolved": "https://registry.npmjs.org/eslint-plugin-standard/-/eslint-plugin-standard-4.0.0.tgz",
      "integrity": "sha512-OwxJkR6TQiYMmt1EsNRMe5qG3GsbjlcOhbGUBY4LtavF9DsLaTcoR+j2Tdjqi23oUwKNUqX7qcn5fPStafMdlA==",
      "dev": true
    },
    "eslint-scope": {
      "version": "5.0.0",
      "resolved": "https://registry.npm.taobao.org/eslint-scope/download/eslint-scope-5.0.0.tgz?cache=0&sync_timestamp=1563679330570&other_urls=https%3A%2F%2Fregistry.npm.taobao.org%2Feslint-scope%2Fdownload%2Feslint-scope-5.0.0.tgz",
      "dev": true,
      "dependencies": {
        "esrecurse": {
          "version": "https://registry.npm.taobao.org/esrecurse/download/esrecurse-4.2.1.tgz",
          "bundled": true
        },
        "estraverse": {
          "version": "https://registry.npm.taobao.org/estraverse/download/estraverse-4.2.0.tgz",
          "bundled": true
        }
      }
    },
    "eslint-utils": {
      "version": "1.4.0",
      "resolved": "https://registry.npm.taobao.org/eslint-utils/download/eslint-utils-1.4.0.tgz?cache=0&other_urls=https%3A%2F%2Fregistry.npm.taobao.org%2Feslint-utils%2Fdownload%2Feslint-utils-1.4.0.tgz",
      "dev": true,
      "requires": {
        "eslint-visitor-keys": "^1.0.0"
      },
      "dependencies": {
        "eslint-visitor-keys": {
          "version": "https://registry.npm.taobao.org/eslint-visitor-keys/download/eslint-visitor-keys-1.0.0.tgz",
          "bundled": true
        }
      }
    },
    "eslint-visitor-keys": {
      "version": "1.0.0",
      "resolved": "https://registry.npm.taobao.org/eslint-visitor-keys/download/eslint-visitor-keys-1.0.0.tgz",
      "dev": true
    },
    "espree": {
      "version": "6.0.0",
      "resolved": "https://registry.npm.taobao.org/espree/download/espree-6.0.0.tgz",
      "dev": true,
      "requires": {
        "acorn": "^6.0.7",
        "acorn-jsx": "^5.0.0",
        "eslint-visitor-keys": "^1.0.0"
      },
      "dependencies": {
        "acorn": {
          "version": "https://registry.npm.taobao.org/acorn/download/acorn-6.2.1.tgz",
          "bundled": true
        },
        "acorn-jsx": {
          "version": "https://registry.npm.taobao.org/acorn-jsx/download/acorn-jsx-5.0.1.tgz",
          "bundled": true
        },
        "eslint-visitor-keys": {
          "version": "https://registry.npm.taobao.org/eslint-visitor-keys/download/eslint-visitor-keys-1.0.0.tgz",
          "bundled": true
        }
      }
    },
    "esprima": {
      "version": "4.0.1",
      "resolved": "https://registry.npm.taobao.org/esprima/download/esprima-4.0.1.tgz",
      "dev": true
    },
    "esquery": {
      "version": "1.0.1",
      "resolved": "https://registry.npm.taobao.org/esquery/download/esquery-1.0.1.tgz",
      "dev": true,
      "dependencies": {
        "estraverse": {
          "version": "https://registry.npm.taobao.org/estraverse/download/estraverse-4.2.0.tgz",
          "bundled": true
        }
      }
    },
    "esutils": {
      "version": "2.0.2",
      "resolved": "https://registry.npm.taobao.org/esutils/download/esutils-2.0.2.tgz",
      "dev": true
    },
    "external-editor": {
      "version": "3.1.0",
      "resolved": "https://registry.npm.taobao.org/external-editor/download/external-editor-3.1.0.tgz",
      "dev": true,
      "requires": {
        "chardet": "^0.7.0"
      },
      "dependencies": {
        "chardet": {
          "version": "https://registry.npm.taobao.org/chardet/download/chardet-0.7.0.tgz",
          "bundled": true
        },
        "iconv-lite": {
          "version": "https://registry.npm.taobao.org/iconv-lite/download/iconv-lite-0.4.24.tgz",
          "bundled": true
        },
        "tmp": {
          "version": "https://registry.npm.taobao.org/tmp/download/tmp-0.0.33.tgz",
          "bundled": true
        }
      }
    },
    "fast-levenshtein": {
      "version": "2.0.6",
      "resolved": "https://registry.npm.taobao.org/fast-levenshtein/download/fast-levenshtein-2.0.6.tgz",
      "dev": true
    },
    "figures": {
      "version": "2.0.0",
      "resolved": "https://registry.npm.taobao.org/figures/download/figures-2.0.0.tgz",
      "dev": true,
      "requires": {
        "escape-string-regexp": "^1.0.5"
      },
      "dependencies": {
        "escape-string-regexp": {
          "version": "https://registry.npm.taobao.org/escape-string-regexp/download/escape-string-regexp-1.0.5.tgz",
          "bundled": true
        }
      }
    },
    "file-entry-cache": {
      "version": "5.0.1",
      "resolved": "https://registry.npm.taobao.org/file-entry-cache/download/file-entry-cache-5.0.1.tgz",
      "dev": true
    },
    "function-bind": {
      "version": "1.1.1",
      "resolved": "https://registry.npm.taobao.org/function-bind/download/function-bind-1.1.1.tgz",
      "dev": true
    },
    "functional-red-black-tree": {
      "version": "1.0.1",
      "resolved": "https://registry.npm.taobao.org/functional-red-black-tree/download/functional-red-black-tree-1.0.1.tgz",
      "dev": true
    },
    "glob-parent": {
      "version": "5.0.0",
      "resolved": "https://registry.npm.taobao.org/glob-parent/download/glob-parent-5.0.0.tgz",
      "dev": true,
      "requires": {
        "is-glob": "^4.0.1"
      },
      "dependencies": {
        "is-glob": {
          "version": "https://registry.npm.taobao.org/is-glob/download/is-glob-4.0.1.tgz",
          "bundled": true
        }
      }
    },
    "globals": {
      "version": "11.12.0",
      "resolved": "https://registry.npm.taobao.org/globals/download/globals-11.12.0.tgz?cache=0&sync_timestamp=1563722107641&other_urls=https%3A%2F%2Fregistry.npm.taobao.org%2Fglobals%2Fdownload%2Fglobals-11.12.0.tgz",
      "dev": true
    },
    "has": {
      "version": "1.0.3",
      "resolved": "https://registry.npm.taobao.org/has/download/has-1.0.3.tgz",
      "dev": true,
      "requires": {
        "function-bind": "^1.1.1"
      },
      "dependencies": {
        "function-bind": {
          "version": "https://registry.npm.taobao.org/function-bind/download/function-bind-1.1.1.tgz",
          "bundled": true
        }
      }
    },
    "hosted-git-info": {
      "version": "2.7.1",
      "resolved": "https://registry.npm.taobao.org/hosted-git-info/download/hosted-git-info-2.7.1.tgz",
      "dev": true
    },
    "ignore": {
      "version": "5.1.2",
      "resolved": "https://registry.npm.taobao.org/ignore/download/ignore-5.1.2.tgz?cache=0&other_urls=https%3A%2F%2Fregistry.npm.taobao.org%2Fignore%2Fdownload%2Fignore-5.1.2.tgz",
      "dev": true
    },
    "import-fresh": {
      "version": "3.1.0",
      "resolved": "https://registry.npm.taobao.org/import-fresh/download/import-fresh-3.1.0.tgz",
      "dev": true,
      "dependencies": {
        "parent-module": {
          "version": "https://registry.npm.taobao.org/parent-module/download/parent-module-1.0.1.tgz",
          "bundled": true
        },
        "resolve-from": {
          "version": "https://registry.npm.taobao.org/resolve-from/download/resolve-from-4.0.0.tgz",
          "bundled": true
        }
      }
    },
    "imurmurhash": {
      "version": "0.1.4",
      "resolved": "https://registry.npm.taobao.org/imurmurhash/download/imurmurhash-0.1.4.tgz",
      "dev": true
    },
    "inquirer": {
      "version": "6.5.0",
      "resolved": "https://registry.npm.taobao.org/inquirer/download/inquirer-6.5.0.tgz",
      "dev": true,
      "requires": {
        "ansi-escapes": "^3.2.0",
        "chalk": "^2.4.2",
        "cli-cursor": "^2.1.0",
        "cli-width": "^2.0.0",
        "external-editor": "^3.0.3",
        "figures": "^2.0.0",
        "lodash": "^4.17.12",
        "string-width": "^2.1.0",
        "strip-ansi": "^5.1.0"
      },
      "dependencies": {
        "ansi-escapes": {
          "version": "https://registry.npm.taobao.org/ansi-escapes/download/ansi-escapes-3.2.0.tgz",
          "bundled": true
        },
        "ansi-regex": {
          "version": "3.0.0",
          "resolved": "https://registry.npmjs.org/ansi-regex/-/ansi-regex-3.0.0.tgz",
          "integrity": "sha1-7QMXwyIGT3lGbAKWa922Bas32Zg=",
          "dev": true
        },
        "chalk": {
          "version": "https://registry.npm.taobao.org/chalk/download/chalk-2.4.2.tgz",
          "bundled": true,
          "dependencies": {
            "ansi-styles": {
              "version": "https://registry.npm.taobao.org/ansi-styles/download/ansi-styles-3.2.1.tgz?cache=0&other_urls=https%3A%2F%2Fregistry.npm.taobao.org%2Fansi-styles%2Fdownload%2Fansi-styles-3.2.1.tgz",
              "bundled": true
            },
            "escape-string-regexp": {
              "version": "https://registry.npm.taobao.org/escape-string-regexp/download/escape-string-regexp-1.0.5.tgz",
              "bundled": true
            },
            "supports-color": {
              "version": "https://registry.npm.taobao.org/supports-color/download/supports-color-5.5.0.tgz",
              "bundled": true
            }
          }
        },
        "cli-cursor": {
          "version": "https://registry.npm.taobao.org/cli-cursor/download/cli-cursor-2.1.0.tgz",
          "bundled": true
        },
        "cli-width": {
          "version": "https://registry.npm.taobao.org/cli-width/download/cli-width-2.2.0.tgz",
          "bundled": true
        },
        "external-editor": {
          "version": "https://registry.npm.taobao.org/external-editor/download/external-editor-3.1.0.tgz",
          "bundled": true
        },
        "figures": {
          "version": "https://registry.npm.taobao.org/figures/download/figures-2.0.0.tgz",
          "bundled": true
        },
        "lodash": {
          "version": "https://registry.npm.taobao.org/lodash/download/lodash-4.17.15.tgz",
          "bundled": true
        },
        "mute-stream": {
          "version": "https://registry.npm.taobao.org/mute-stream/download/mute-stream-0.0.7.tgz",
          "bundled": true
        },
        "run-async": {
          "version": "https://registry.npm.taobao.org/run-async/download/run-async-2.3.0.tgz",
          "bundled": true
        },
        "rxjs": {
          "version": "https://registry.npm.taobao.org/rxjs/download/rxjs-6.5.2.tgz",
          "bundled": true
        },
        "string-width": {
          "version": "2.1.1",
          "resolved": "https://registry.npmjs.org/string-width/-/string-width-2.1.1.tgz",
          "integrity": "sha512-nOqH59deCq9SRHlxq1Aw85Jnt4w6KvLKqWVik6oA9ZklXLNIOlqg4F2yrT1MVaTjAqvVwdfeZ7w7aCvJD7ugkw==",
          "dev": true,
          "requires": {
            "is-fullwidth-code-point": "^2.0.0",
            "strip-ansi": "^4.0.0"
          },
          "dependencies": {
            "strip-ansi": {
              "version": "4.0.0",
              "resolved": "https://registry.npmjs.org/strip-ansi/-/strip-ansi-4.0.0.tgz",
              "integrity": "sha1-qEeQIusaw2iocTibY1JixQXuNo8=",
              "dev": true,
              "requires": {
                "ansi-regex": "^3.0.0"
              }
            }
          }
        },
        "strip-ansi": {
          "version": "https://registry.npm.taobao.org/strip-ansi/download/strip-ansi-5.2.0.tgz",
          "bundled": true
        },
        "through": {
          "version": "https://registry.npm.taobao.org/through/download/through-2.3.8.tgz",
          "bundled": true
        }
      }
    },
    "is-extglob": {
      "version": "2.1.1",
      "resolved": "https://registry.npm.taobao.org/is-extglob/download/is-extglob-2.1.1.tgz",
      "dev": true
    },
    "is-fullwidth-code-point": {
      "version": "2.0.0",
      "resolved": "https://registry.npm.taobao.org/is-fullwidth-code-point/download/is-fullwidth-code-point-2.0.0.tgz",
      "dev": true
    },
    "is-glob": {
      "version": "4.0.1",
      "resolved": "https://registry.npm.taobao.org/is-glob/download/is-glob-4.0.1.tgz",
      "dev": true,
      "requires": {
        "is-extglob": "^2.1.1"
      },
      "dependencies": {
        "is-extglob": {
          "version": "https://registry.npm.taobao.org/is-extglob/download/is-extglob-2.1.1.tgz",
          "bundled": true
        }
      }
    },
    "isarray": {
      "version": "1.0.0",
      "resolved": "https://registry.npm.taobao.org/isarray/download/isarray-1.0.0.tgz?cache=0&sync_timestamp=1562592096220&other_urls=https%3A%2F%2Fregistry.npm.taobao.org%2Fisarray%2Fdownload%2Fisarray-1.0.0.tgz",
      "dev": true
    },
    "js-tokens": {
      "version": "4.0.0",
      "resolved": "https://registry.npm.taobao.org/js-tokens/download/js-tokens-4.0.0.tgz",
      "dev": true
    },
    "js-yaml": {
      "version": "3.13.1",
      "resolved": "https://registry.npm.taobao.org/js-yaml/download/js-yaml-3.13.1.tgz",
      "dev": true,
      "requires": {
        "argparse": "^1.0.7",
        "esprima": "^4.0.0"
      },
      "dependencies": {
        "argparse": {
          "version": "https://registry.npm.taobao.org/argparse/download/argparse-1.0.10.tgz",
          "bundled": true
        },
        "esprima": {
          "version": "https://registry.npm.taobao.org/esprima/download/esprima-4.0.1.tgz",
          "bundled": true
        }
      }
    },
    "json-stable-stringify-without-jsonify": {
      "version": "1.0.1",
      "resolved": "https://registry.npm.taobao.org/json-stable-stringify-without-jsonify/download/json-stable-stringify-without-jsonify-1.0.1.tgz",
      "dev": true
    },
    "levn": {
      "version": "0.3.0",
      "resolved": "https://registry.npm.taobao.org/levn/download/levn-0.3.0.tgz",
      "dev": true,
      "dependencies": {
        "prelude-ls": {
          "version": "https://registry.npm.taobao.org/prelude-ls/download/prelude-ls-1.1.2.tgz",
          "bundled": true
        },
        "type-check": {
          "version": "https://registry.npm.taobao.org/type-check/download/type-check-0.3.2.tgz",
          "bundled": true
        }
      }
    },
    "lodash": {
      "version": "4.17.15",
      "resolved": "https://registry.npm.taobao.org/lodash/download/lodash-4.17.15.tgz",
      "dev": true
    },
    "minimatch": {
      "version": "3.0.4",
      "resolved": "https://registry.npm.taobao.org/minimatch/download/minimatch-3.0.4.tgz?cache=0&other_urls=https%3A%2F%2Fregistry.npm.taobao.org%2Fminimatch%2Fdownload%2Fminimatch-3.0.4.tgz",
      "dev": true,
      "requires": {
        "brace-expansion": "^1.1.7"
      },
      "dependencies": {
        "brace-expansion": {
          "version": "https://registry.npm.taobao.org/brace-expansion/download/brace-expansion-1.1.11.tgz",
          "bundled": true
        }
      }
    },
    "mkdirp": {
      "version": "0.5.1",
      "resolved": "https://registry.npm.taobao.org/mkdirp/download/mkdirp-0.5.1.tgz",
      "dev": true,
      "requires": {
        "minimist": "0.0.8"
      },
      "dependencies": {
        "minimist": {
          "version": "0.0.8",
          "resolved": "https://registry.npmjs.org/minimist/-/minimist-0.0.8.tgz",
          "integrity": "sha1-hX/Kv8M5fSYluCKCYuhqp6ARsF0=",
          "dev": true
        }
      }
    },
    "natural-compare": {
      "version": "1.4.0",
      "resolved": "https://registry.npm.taobao.org/natural-compare/download/natural-compare-1.4.0.tgz",
      "dev": true
    },
    "normalize-package-data": {
      "version": "2.5.0",
      "resolved": "https://registry.npm.taobao.org/normalize-package-data/download/normalize-package-data-2.5.0.tgz",
      "dev": true,
      "requires": {
        "hosted-git-info": "^2.1.4",
        "resolve": "^1.10.0",
        "semver": "2 || 3 || 4 || 5"
      },
      "dependencies": {
        "hosted-git-info": {
          "version": "https://registry.npm.taobao.org/hosted-git-info/download/hosted-git-info-2.7.1.tgz",
          "bundled": true
        },
        "resolve": {
          "version": "https://registry.npm.taobao.org/resolve/download/resolve-1.11.1.tgz",
          "bundled": true
        },
        "semver": {
          "version": "5.7.0",
          "resolved": "https://registry.npmjs.org/semver/-/semver-5.7.0.tgz",
          "integrity": "sha512-Ya52jSX2u7QKghxeoFGpLwCtGlt7j0oY9DYb5apt9nPlJ42ID+ulTXESnt/qAQcoSERyZ5sl3LDIOw0nAn/5DA==",
          "dev": true
        },
        "validate-npm-package-license": {
          "version": "https://registry.npm.taobao.org/validate-npm-package-license/download/validate-npm-package-license-3.0.4.tgz",
          "bundled": true
        }
      }
    },
    "object.values": {
      "version": "1.1.0",
      "resolved": "https://registry.npm.taobao.org/object.values/download/object.values-1.1.0.tgz",
      "dev": true,
      "requires": {
        "define-properties": "^1.1.3",
        "es-abstract": "^1.12.0",
        "function-bind": "^1.1.1",
        "has": "^1.0.3"
      },
      "dependencies": {
        "define-properties": {
          "version": "https://registry.npm.taobao.org/define-properties/download/define-properties-1.1.3.tgz",
          "bundled": true,
          "dependencies": {
            "object-keys": {
              "version": "https://registry.npm.taobao.org/object-keys/download/object-keys-1.1.1.tgz",
              "bundled": true
            }
          }
        },
        "es-abstract": {
          "version": "https://registry.npm.taobao.org/es-abstract/download/es-abstract-1.13.0.tgz",
          "bundled": true
        },
        "function-bind": {
          "version": "https://registry.npm.taobao.org/function-bind/download/function-bind-1.1.1.tgz",
          "bundled": true
        },
        "has": {
          "version": "https://registry.npm.taobao.org/has/download/has-1.0.3.tgz",
          "bundled": true,
          "dependencies": {
            "function-bind": {
              "version": "https://registry.npm.taobao.org/function-bind/download/function-bind-1.1.1.tgz",
              "bundled": true
            }
          }
        }
      }
    },
    "optionator": {
      "version": "0.8.2",
      "resolved": "https://registry.npm.taobao.org/optionator/download/optionator-0.8.2.tgz",
      "dev": true,
      "requires": {
        "deep-is": "~0.1.3",
        "fast-levenshtein": "~2.0.4",
        "levn": "~0.3.0"
      },
      "dependencies": {
        "deep-is": {
          "version": "https://registry.npm.taobao.org/deep-is/download/deep-is-0.1.3.tgz",
          "bundled": true
        },
        "fast-levenshtein": {
          "version": "https://registry.npm.taobao.org/fast-levenshtein/download/fast-levenshtein-2.0.6.tgz",
          "bundled": true
        },
        "levn": {
          "version": "https://registry.npm.taobao.org/levn/download/levn-0.3.0.tgz",
          "bundled": true,
          "dependencies": {
            "prelude-ls": {
              "version": "https://registry.npm.taobao.org/prelude-ls/download/prelude-ls-1.1.2.tgz",
              "bundled": true
            },
            "type-check": {
              "version": "https://registry.npm.taobao.org/type-check/download/type-check-0.3.2.tgz",
              "bundled": true
            }
          }
        },
        "prelude-ls": {
          "version": "https://registry.npm.taobao.org/prelude-ls/download/prelude-ls-1.1.2.tgz",
          "bundled": true
        },
        "type-check": {
          "version": "https://registry.npm.taobao.org/type-check/download/type-check-0.3.2.tgz",
          "bundled": true,
          "dependencies": {
            "prelude-ls": {
              "version": "https://registry.npm.taobao.org/prelude-ls/download/prelude-ls-1.1.2.tgz",
              "bundled": true
            }
          }
        },
        "wordwrap": {
          "version": "https://registry.npm.taobao.org/wordwrap/download/wordwrap-1.0.0.tgz",
          "bundled": true
        }
      }
    },
    "path-exists": {
      "version": "3.0.0",
      "resolved": "https://registry.npm.taobao.org/path-exists/download/path-exists-3.0.0.tgz",
      "dev": true
    },
    "path-parse": {
      "version": "1.0.6",
      "resolved": "https://registry.npm.taobao.org/path-parse/download/path-parse-1.0.6.tgz",
      "dev": true
    },
    "path-type": {
      "version": "2.0.0",
      "resolved": "https://registry.npm.taobao.org/path-type/download/path-type-2.0.0.tgz",
      "dev": true,
      "requires": {
        "pify": "^2.0.0"
      },
      "dependencies": {
        "pify": {
          "version": "2.3.0",
          "resolved": "https://registry.npmjs.org/pify/-/pify-2.3.0.tgz",
          "integrity": "sha1-7RQaasBDqEnqWISY59yosVMw6Qw=",
          "dev": true
        }
      }
    },
    "progress": {
      "version": "2.0.3",
      "resolved": "https://registry.npm.taobao.org/progress/download/progress-2.0.3.tgz",
      "dev": true
    },
    "read-pkg": {
      "version": "2.0.0",
      "resolved": "https://registry.npm.taobao.org/read-pkg/download/read-pkg-2.0.0.tgz",
      "dev": true,
      "requires": {
        "load-json-file": "^2.0.0",
        "normalize-package-data": "^2.3.2",
        "path-type": "^2.0.0"
      },
      "dependencies": {
        "load-json-file": {
          "version": "2.0.0",
          "resolved": "https://registry.npmjs.org/load-json-file/-/load-json-file-2.0.0.tgz",
          "integrity": "sha1-eUfkIUmvgNaWy/eXvKq8/h/inKg=",
          "dev": true,
          "requires": {
            "parse-json": "^2.2.0",
            "pify": "^2.0.0"
          }
        },
        "normalize-package-data": {
          "version": "https://registry.npm.taobao.org/normalize-package-data/download/normalize-package-data-2.5.0.tgz",
          "bundled": true
        },
        "parse-json": {
          "version": "2.2.0",
          "resolved": "https://registry.npmjs.org/parse-json/-/parse-json-2.2.0.tgz",
          "integrity": "sha1-9ID0BDTvgHQfhGkJn43qGPVaTck=",
          "dev": true
        },
        "path-type": {
          "version": "https://registry.npm.taobao.org/path-type/download/path-type-2.0.0.tgz",
          "bundled": true
        },
        "pify": {
          "version": "2.3.0",
          "resolved": "https://registry.npmjs.org/pify/-/pify-2.3.0.tgz",
          "integrity": "sha1-7RQaasBDqEnqWISY59yosVMw6Qw=",
          "dev": true
        }
      }
    },
    "read-pkg-up": {
      "version": "2.0.0",
      "resolved": "https://registry.npm.taobao.org/read-pkg-up/download/read-pkg-up-2.0.0.tgz",
      "dev": true,
      "requires": {
        "find-up": "^2.0.0",
        "read-pkg": "^2.0.0"
      },
      "dependencies": {
        "find-up": {
          "version": "2.1.0",
          "resolved": "https://registry.npmjs.org/find-up/-/find-up-2.1.0.tgz",
          "integrity": "sha1-RdG35QbHF93UgndaK3eSCjwMV6c=",
          "dev": true,
          "requires": {
            "locate-path": "^2.0.0"
          },
          "dependencies": {
            "locate-path": {
              "version": "2.0.0",
              "resolved": "https://registry.npmjs.org/locate-path/-/locate-path-2.0.0.tgz",
              "integrity": "sha1-K1aLJl7slExtnA3pw9u7ygNUzY4=",
              "dev": true,
              "requires": {
                "p-locate": "^2.0.0",
                "path-exists": "^3.0.0"
              }
            }
          }
        },
        "p-limit": {
          "version": "1.3.0",
          "resolved": "https://registry.npmjs.org/p-limit/-/p-limit-1.3.0.tgz",
          "integrity": "sha512-vvcXsLAJ9Dr5rQOPk7toZQZJApBl2K4J6dANSsEuh6QI41JYcsS/qhTGa9ErIUUgK3WNQoJYvylxvjqmiqEA9Q==",
          "dev": true,
          "requires": {
            "p-try": "^1.0.0"
          }
        },
        "p-locate": {
          "version": "2.0.0",
          "resolved": "https://registry.npmjs.org/p-locate/-/p-locate-2.0.0.tgz",
          "integrity": "sha1-IKAQOyIqcMj9OcwuWAaA893l7EM=",
          "dev": true,
          "requires": {
            "p-limit": "^1.1.0"
          }
        },
        "p-try": {
          "version": "1.0.0",
          "resolved": "https://registry.npmjs.org/p-try/-/p-try-1.0.0.tgz",
          "integrity": "sha1-y8ec26+P1CKOE/Yh8rGiN8GyB7M=",
          "dev": true
        }
      }
    },
    "regexpp": {
      "version": "2.0.1",
      "resolved": "https://registry.npm.taobao.org/regexpp/download/regexpp-2.0.1.tgz",
      "dev": true
    },
    "resolve": {
      "version": "1.11.1",
      "resolved": "https://registry.npm.taobao.org/resolve/download/resolve-1.11.1.tgz",
      "dev": true,
      "requires": {
        "path-parse": "^1.0.6"
      },
      "dependencies": {
        "path-parse": {
          "version": "https://registry.npm.taobao.org/path-parse/download/path-parse-1.0.6.tgz",
          "bundled": true
        }
      }
    },
    "semver": {
      "version": "6.3.0",
      "resolved": "https://registry.npm.taobao.org/semver/download/semver-6.3.0.tgz",
      "dev": true
    },
    "slice-ansi": {
      "version": "2.1.0",
      "resolved": "https://registry.npm.taobao.org/slice-ansi/download/slice-ansi-2.1.0.tgz",
      "dev": true,
      "requires": {
        "ansi-styles": "^3.2.0",
        "astral-regex": "^1.0.0",
        "is-fullwidth-code-point": "^2.0.0"
      },
      "dependencies": {
        "ansi-styles": {
          "version": "https://registry.npm.taobao.org/ansi-styles/download/ansi-styles-3.2.1.tgz?cache=0&other_urls=https%3A%2F%2Fregistry.npm.taobao.org%2Fansi-styles%2Fdownload%2Fansi-styles-3.2.1.tgz",
          "bundled": true,
          "dependencies": {
            "color-convert": {
              "version": "https://registry.npm.taobao.org/color-convert/download/color-convert-1.9.3.tgz",
              "bundled": true
            }
          }
        },
        "astral-regex": {
          "version": "https://registry.npm.taobao.org/astral-regex/download/astral-regex-1.0.0.tgz",
          "bundled": true
        },
        "is-fullwidth-code-point": {
          "version": "https://registry.npm.taobao.org/is-fullwidth-code-point/download/is-fullwidth-code-point-2.0.0.tgz",
          "bundled": true
        }
      }
    },
    "string-width": {
      "version": "3.1.0",
      "resolved": "https://registry.npm.taobao.org/string-width/download/string-width-3.1.0.tgz",
      "dev": true,
      "requires": {
        "emoji-regex": "^7.0.1",
        "is-fullwidth-code-point": "^2.0.0",
        "strip-ansi": "^5.1.0"
      },
      "dependencies": {
        "emoji-regex": {
          "version": "https://registry.npm.taobao.org/emoji-regex/download/emoji-regex-7.0.3.tgz",
          "bundled": true
        },
        "is-fullwidth-code-point": {
          "version": "https://registry.npm.taobao.org/is-fullwidth-code-point/download/is-fullwidth-code-point-2.0.0.tgz",
          "bundled": true
        },
        "strip-ansi": {
          "version": "https://registry.npm.taobao.org/strip-ansi/download/strip-ansi-5.2.0.tgz",
          "bundled": true,
          "dependencies": {
            "ansi-regex": {
              "version": "https://registry.npm.taobao.org/ansi-regex/download/ansi-regex-4.1.0.tgz",
              "bundled": true
            }
          }
        }
      }
    },
    "strip-ansi": {
      "version": "5.2.0",
      "resolved": "https://registry.npm.taobao.org/strip-ansi/download/strip-ansi-5.2.0.tgz",
      "dev": true,
      "requires": {
        "ansi-regex": "^4.1.0"
      },
      "dependencies": {
        "ansi-regex": {
          "version": "https://registry.npm.taobao.org/ansi-regex/download/ansi-regex-4.1.0.tgz",
          "bundled": true
        }
      }
    },
    "strip-json-comments": {
      "version": "3.0.1",
      "resolved": "https://registry.npm.taobao.org/strip-json-comments/download/strip-json-comments-3.0.1.tgz",
      "dev": true
    },
    "table": {
      "version": "5.4.4",
      "resolved": "https://registry.npm.taobao.org/table/download/table-5.4.4.tgz",
      "dev": true,
      "requires": {
        "ajv": "^6.10.2",
        "lodash": "^4.17.14",
        "slice-ansi": "^2.1.0",
        "string-width": "^3.0.0"
      },
      "dependencies": {
        "ajv": {
          "version": "https://registry.npm.taobao.org/ajv/download/ajv-6.10.2.tgz",
          "bundled": true
        },
        "lodash": {
          "version": "https://registry.npm.taobao.org/lodash/download/lodash-4.17.15.tgz",
          "bundled": true
        },
        "slice-ansi": {
          "version": "https://registry.npm.taobao.org/slice-ansi/download/slice-ansi-2.1.0.tgz",
          "bundled": true
        },
        "string-width": {
          "version": "https://registry.npm.taobao.org/string-width/download/string-width-3.1.0.tgz",
          "bundled": true
        }
      }
    },
    "text-table": {
      "version": "0.2.0",
      "resolved": "https://registry.npm.taobao.org/text-table/download/text-table-0.2.0.tgz",
      "dev": true
    },
    "v8-compile-cache": {
      "version": "2.0.3",
      "resolved": "https://registry.npm.taobao.org/v8-compile-cache/download/v8-compile-cache-2.0.3.tgz?cache=0&other_urls=https%3A%2F%2Fregistry.npm.taobao.org%2Fv8-compile-cache%2Fdownload%2Fv8-compile-cache-2.0.3.tgz",
      "dev": true
    }
  }
}
